
Microsoft Visual Studio Solution File, Format Version 12.00
# Visual Studio 14
VisualStudioVersion = 14.0.23107.0
MinimumVisualStudioVersion = 10.0.40219.1
Project("{FAE04EC0-301F-11D3-BF4B-00C04F79EFBC}") = "ODataService", "Sources\WNP.Listener\ODataService\ODataService.csproj", "{28DE87B5-514B-4996-B65A-9D8F9E4578E0}"
EndProject
Project("{FAE04EC0-301F-11D3-BF4B-00C04F79EFBC}") = "MetadataService", "Sources\WNP.Listener\MetadataService\MetadataService.csproj", "{702B10D4-57D6-4406-A159-715F658AE54D}"
EndProject
Project("{FAE04EC0-301F-11D3-BF4B-00C04F79EFBC}") = "Persistence", "Sources\WNP.Listener\Persistence\Persistence.csproj", "{993CDFFD-FB9F-4C45-9F10-E4F006F0B8EA}"
EndProject
Project("{FAE04EC0-301F-11D3-BF4B-00C04F79EFBC}") = "Model", "Sources\WNP.Listener\Model\Model.csproj", "{4E188AAB-3FEF-4CA2-AE34-C2BC8080EFDB}"
EndProject
Project("{2150E333-8FDC-42A3-9474-1A3956D46DE8}") = "Services", "Services", "{C4BE66D0-2301-4028-A593-2F8DFA817E01}"
EndProject
Project("{2150E333-8FDC-42A3-9474-1A3956D46DE8}") = "Data", "Data", "{937AEB83-08A5-4B9C-BD18-4B40CEA78736}"
EndProject
Project("{FAE04EC0-301F-11D3-BF4B-00C04F79EFBC}") = "Bootstrapper", "Sources\WNP.Listener\Bootstrapper\Bootstrapper.csproj", "{E3183353-F97E-4EE2-84D7-D81CE2707FF7}"
EndProject
Project("{FAE04EC0-301F-11D3-BF4B-00C04F79EFBC}") = "WNP.Listener.Utilities", "Sources\WNP.Listener\Utilities\Utilities.csproj", "{CF40FB68-247D-4024-A8E9-3B707973AD11}"
EndProject
Project("{2150E333-8FDC-42A3-9474-1A3956D46DE8}") = "Common", "Common", "{EC6CCDC7-2D91-4FE4-88B0-F36E1BB951A8}"
EndProject
Project("{FAE04EC0-301F-11D3-BF4B-00C04F79EFBC}") = "Domain", "Sources\WNP.Listener\Domain\Domain.csproj", "{7937EB80-3944-4AB3-96E3-4745CFC5E21A}"
EndProject
Project("{FAE04EC0-301F-11D3-BF4B-00C04F79EFBC}") = "Domain.Test", "Sources\WNP.Listener\Domain.Test\Domain.Test.csproj", "{2B3CD647-671F-4016-A383-15A8A8A2BF34}"
EndProject
Project("{2150E333-8FDC-42A3-9474-1A3956D46DE8}") = "Core", "Core", "{60141318-ECBA-478D-B316-878BA875EAA6}"
EndProject
Project("{F088123C-0E9E-452A-89E6-6BA2F21D5CAC}") = "ModelingProject", "Sources\WNP.Listener\ModelingProject\ModelingProject.modelproj", "{66E18C40-0765-45A6-B334-59E6CF905661}"
EndProject
Project("{FAE04EC0-301F-11D3-BF4B-00C04F79EFBC}") = "Domain.Listener", "Sources\WNP.Listener\Domain.Listener\Domain.Listener.csproj", "{67913C89-A9FE-41EF-A791-9119DCD9537A}"
EndProject
Project("{FAE04EC0-301F-11D3-BF4B-00C04F79EFBC}") = "Repository", "Sources\WNP.Listener\Repository\Repository.csproj", "{72E29F3F-E27A-4224-9F7B-59C2497D3BF3}"
EndProject
Project("{FAE04EC0-301F-11D3-BF4B-00C04F79EFBC}") = "ApplicationService", "Sources\WNP.Listener\ApplicationService\ApplicationService.csproj", "{6B540066-84AB-4D63-81A6-9C724AEF039F}"
EndProject
Project("{FAE04EC0-301F-11D3-BF4B-00C04F79EFBC}") = "Communication", "Sources\WNP.Listener\Communication\Communication.csproj", "{0B0BF704-A960-47A3-816D-E7C5AA36D1AC}"
EndProject
Project("{FAE04EC0-301F-11D3-BF4B-00C04F79EFBC}") = "Domain.WNP", "Sources\WNP.Listener\Domain.WNP\Domain.WNP.csproj", "{960F9F7B-D3A8-405C-86CE-0287DE7096F4}"
EndProject
Project("{2150E333-8FDC-42A3-9474-1A3956D46DE8}") = "Communication", "Communication", "{8C0D6EAD-4A1B-4247-9F61-32F99423BA5B}"
EndProject
Project("{FAE04EC0-301F-11D3-BF4B-00C04F79EFBC}") = "Communication.Jms", "Sources\WNP.Listener\Communication.Jms\Communication.Jms.csproj", "{0213748A-3255-4704-84EA-8821B311A3A2}"
EndProject
Project("{FAE04EC0-301F-11D3-BF4B-00C04F79EFBC}") = "Core", "Sources\WNP.Listener\Core\Core.csproj", "{B650A448-FC3B-4C43-A59A-B1AD3500ABD2}"
EndProject
Global
	GlobalSection(SolutionConfigurationPlatforms) = preSolution
		Debug|Any CPU = Debug|Any CPU
		Release|Any CPU = Release|Any CPU
	EndGlobalSection
	GlobalSection(ProjectConfigurationPlatforms) = postSolution
		{28DE87B5-514B-4996-B65A-9D8F9E4578E0}.Debug|Any CPU.ActiveCfg = Debug|Any CPU
		{28DE87B5-514B-4996-B65A-9D8F9E4578E0}.Debug|Any CPU.Build.0 = Debug|Any CPU
		{28DE87B5-514B-4996-B65A-9D8F9E4578E0}.Release|Any CPU.ActiveCfg = Release|Any CPU
		{28DE87B5-514B-4996-B65A-9D8F9E4578E0}.Release|Any CPU.Build.0 = Release|Any CPU
		{702B10D4-57D6-4406-A159-715F658AE54D}.Debug|Any CPU.ActiveCfg = Debug|Any CPU
		{702B10D4-57D6-4406-A159-715F658AE54D}.Debug|Any CPU.Build.0 = Debug|Any CPU
		{702B10D4-57D6-4406-A159-715F658AE54D}.Release|Any CPU.ActiveCfg = Release|Any CPU
		{702B10D4-57D6-4406-A159-715F658AE54D}.Release|Any CPU.Build.0 = Release|Any CPU
		{993CDFFD-FB9F-4C45-9F10-E4F006F0B8EA}.Debug|Any CPU.ActiveCfg = Debug|Any CPU
		{993CDFFD-FB9F-4C45-9F10-E4F006F0B8EA}.Debug|Any CPU.Build.0 = Debug|Any CPU
		{993CDFFD-FB9F-4C45-9F10-E4F006F0B8EA}.Release|Any CPU.ActiveCfg = Release|Any CPU
		{993CDFFD-FB9F-4C45-9F10-E4F006F0B8EA}.Release|Any CPU.Build.0 = Release|Any CPU
		{4E188AAB-3FEF-4CA2-AE34-C2BC8080EFDB}.Debug|Any CPU.ActiveCfg = Debug|Any CPU
		{4E188AAB-3FEF-4CA2-AE34-C2BC8080EFDB}.Debug|Any CPU.Build.0 = Debug|Any CPU
		{4E188AAB-3FEF-4CA2-AE34-C2BC8080EFDB}.Release|Any CPU.ActiveCfg = Release|Any CPU
		{4E188AAB-3FEF-4CA2-AE34-C2BC8080EFDB}.Release|Any CPU.Build.0 = Release|Any CPU
		{E3183353-F97E-4EE2-84D7-D81CE2707FF7}.Debug|Any CPU.ActiveCfg = Debug|Any CPU
		{E3183353-F97E-4EE2-84D7-D81CE2707FF7}.Debug|Any CPU.Build.0 = Debug|Any CPU
		{E3183353-F97E-4EE2-84D7-D81CE2707FF7}.Release|Any CPU.ActiveCfg = Release|Any CPU
		{E3183353-F97E-4EE2-84D7-D81CE2707FF7}.Release|Any CPU.Build.0 = Release|Any CPU
		{CF40FB68-247D-4024-A8E9-3B707973AD11}.Debug|Any CPU.ActiveCfg = Debug|Any CPU
		{CF40FB68-247D-4024-A8E9-3B707973AD11}.Debug|Any CPU.Build.0 = Debug|Any CPU
		{CF40FB68-247D-4024-A8E9-3B707973AD11}.Release|Any CPU.ActiveCfg = Release|Any CPU
		{CF40FB68-247D-4024-A8E9-3B707973AD11}.Release|Any CPU.Build.0 = Release|Any CPU
		{7937EB80-3944-4AB3-96E3-4745CFC5E21A}.Debug|Any CPU.ActiveCfg = Debug|Any CPU
		{7937EB80-3944-4AB3-96E3-4745CFC5E21A}.Debug|Any CPU.Build.0 = Debug|Any CPU
		{7937EB80-3944-4AB3-96E3-4745CFC5E21A}.Release|Any CPU.ActiveCfg = Release|Any CPU
		{7937EB80-3944-4AB3-96E3-4745CFC5E21A}.Release|Any CPU.Build.0 = Release|Any CPU
		{2B3CD647-671F-4016-A383-15A8A8A2BF34}.Debug|Any CPU.ActiveCfg = Debug|Any CPU
		{2B3CD647-671F-4016-A383-15A8A8A2BF34}.Debug|Any CPU.Build.0 = Debug|Any CPU
		{2B3CD647-671F-4016-A383-15A8A8A2BF34}.Release|Any CPU.ActiveCfg = Release|Any CPU
		{2B3CD647-671F-4016-A383-15A8A8A2BF34}.Release|Any CPU.Build.0 = Release|Any CPU
		{66E18C40-0765-45A6-B334-59E6CF905661}.Debug|Any CPU.ActiveCfg = Debug|Any CPU
		{66E18C40-0765-45A6-B334-59E6CF905661}.Debug|Any CPU.Build.0 = Debug|Any CPU
		{66E18C40-0765-45A6-B334-59E6CF905661}.Release|Any CPU.ActiveCfg = Release|Any CPU
		{66E18C40-0765-45A6-B334-59E6CF905661}.Release|Any CPU.Build.0 = Release|Any CPU
		{67913C89-A9FE-41EF-A791-9119DCD9537A}.Debug|Any CPU.ActiveCfg = Debug|Any CPU
		{67913C89-A9FE-41EF-A791-9119DCD9537A}.Debug|Any CPU.Build.0 = Debug|Any CPU
		{67913C89-A9FE-41EF-A791-9119DCD9537A}.Release|Any CPU.ActiveCfg = Release|Any CPU
		{67913C89-A9FE-41EF-A791-9119DCD9537A}.Release|Any CPU.Build.0 = Release|Any CPU
		{72E29F3F-E27A-4224-9F7B-59C2497D3BF3}.Debug|Any CPU.ActiveCfg = Debug|Any CPU
		{72E29F3F-E27A-4224-9F7B-59C2497D3BF3}.Debug|Any CPU.Build.0 = Debug|Any CPU
		{72E29F3F-E27A-4224-9F7B-59C2497D3BF3}.Release|Any CPU.ActiveCfg = Release|Any CPU
		{72E29F3F-E27A-4224-9F7B-59C2497D3BF3}.Release|Any CPU.Build.0 = Release|Any CPU
		{6B540066-84AB-4D63-81A6-9C724AEF039F}.Debug|Any CPU.ActiveCfg = Debug|Any CPU
		{6B540066-84AB-4D63-81A6-9C724AEF039F}.Debug|Any CPU.Build.0 = Debug|Any CPU
		{6B540066-84AB-4D63-81A6-9C724AEF039F}.Release|Any CPU.ActiveCfg = Release|Any CPU
		{6B540066-84AB-4D63-81A6-9C724AEF039F}.Release|Any CPU.Build.0 = Release|Any CPU
		{0B0BF704-A960-47A3-816D-E7C5AA36D1AC}.Debug|Any CPU.ActiveCfg = Debug|Any CPU
		{0B0BF704-A960-47A3-816D-E7C5AA36D1AC}.Debug|Any CPU.Build.0 = Debug|Any CPU
		{0B0BF704-A960-47A3-816D-E7C5AA36D1AC}.Release|Any CPU.ActiveCfg = Release|Any CPU
		{0B0BF704-A960-47A3-816D-E7C5AA36D1AC}.Release|Any CPU.Build.0 = Release|Any CPU
		{960F9F7B-D3A8-405C-86CE-0287DE7096F4}.Debug|Any CPU.ActiveCfg = Debug|Any CPU
		{960F9F7B-D3A8-405C-86CE-0287DE7096F4}.Debug|Any CPU.Build.0 = Debug|Any CPU
		{960F9F7B-D3A8-405C-86CE-0287DE7096F4}.Release|Any CPU.ActiveCfg = Release|Any CPU
		{960F9F7B-D3A8-405C-86CE-0287DE7096F4}.Release|Any CPU.Build.0 = Release|Any CPU
		{0213748A-3255-4704-84EA-8821B311A3A2}.Debug|Any CPU.ActiveCfg = Debug|Any CPU
		{0213748A-3255-4704-84EA-8821B311A3A2}.Debug|Any CPU.Build.0 = Debug|Any CPU
		{0213748A-3255-4704-84EA-8821B311A3A2}.Release|Any CPU.ActiveCfg = Release|Any CPU
		{0213748A-3255-4704-84EA-8821B311A3A2}.Release|Any CPU.Build.0 = Release|Any CPU
		{B650A448-FC3B-4C43-A59A-B1AD3500ABD2}.Debug|Any CPU.ActiveCfg = Debug|Any CPU
		{B650A448-FC3B-4C43-A59A-B1AD3500ABD2}.Debug|Any CPU.Build.0 = Debug|Any CPU
		{B650A448-FC3B-4C43-A59A-B1AD3500ABD2}.Release|Any CPU.ActiveCfg = Release|Any CPU
		{B650A448-FC3B-4C43-A59A-B1AD3500ABD2}.Release|Any CPU.Build.0 = Release|Any CPU
	EndGlobalSection
	GlobalSection(SolutionProperties) = preSolution
		HideSolutionNode = FALSE
	EndGlobalSection
	GlobalSection(NestedProjects) = preSolution
		{28DE87B5-514B-4996-B65A-9D8F9E4578E0} = {C4BE66D0-2301-4028-A593-2F8DFA817E01}
		{702B10D4-57D6-4406-A159-715F658AE54D} = {C4BE66D0-2301-4028-A593-2F8DFA817E01}
		{993CDFFD-FB9F-4C45-9F10-E4F006F0B8EA} = {937AEB83-08A5-4B9C-BD18-4B40CEA78736}
		{4E188AAB-3FEF-4CA2-AE34-C2BC8080EFDB} = {937AEB83-08A5-4B9C-BD18-4B40CEA78736}
		{CF40FB68-247D-4024-A8E9-3B707973AD11} = {EC6CCDC7-2D91-4FE4-88B0-F36E1BB951A8}
		{7937EB80-3944-4AB3-96E3-4745CFC5E21A} = {60141318-ECBA-478D-B316-878BA875EAA6}
		{2B3CD647-671F-4016-A383-15A8A8A2BF34} = {60141318-ECBA-478D-B316-878BA875EAA6}
		{67913C89-A9FE-41EF-A791-9119DCD9537A} = {60141318-ECBA-478D-B316-878BA875EAA6}
		{72E29F3F-E27A-4224-9F7B-59C2497D3BF3} = {60141318-ECBA-478D-B316-878BA875EAA6}
		{6B540066-84AB-4D63-81A6-9C724AEF039F} = {C4BE66D0-2301-4028-A593-2F8DFA817E01}
		{0B0BF704-A960-47A3-816D-E7C5AA36D1AC} = {937AEB83-08A5-4B9C-BD18-4B40CEA78736}
		{960F9F7B-D3A8-405C-86CE-0287DE7096F4} = {60141318-ECBA-478D-B316-878BA875EAA6}
		{0213748A-3255-4704-84EA-8821B311A3A2} = {8C0D6EAD-4A1B-4247-9F61-32F99423BA5B}
		{B650A448-FC3B-4C43-A59A-B1AD3500ABD2} = {EC6CCDC7-2D91-4FE4-88B0-F36E1BB951A8}
	EndGlobalSection
EndGlobal
